
Microsoft Visual Studio Solution File, Format Version 12.00
# Visual Studio Version 17
VisualStudioVersion = 17.14.36603.0 d17.14
MinimumVisualStudioVersion = 10.0.40219.1
Project("{FAE04EC0-301F-11D3-BF4B-00C04F79EFBC}") = "csWinFkey", "Windows Forms App\csWinFkey.csproj", "{60F36B7A-0867-46C0-A0AA-2B6D3F0542E2}"
EndProject
Global
	GlobalSection(SolutionConfigurationPlatforms) = preSolution
		Debug|Any CPU = Debug|Any CPU
		Release|Any CPU = Release|Any CPU
	EndGlobalSection
	GlobalSection(ProjectConfigurationPlatforms) = postSolution
		{60F36B7A-0867-46C0-A0AA-2B6D3F0542E2}.Debug|Any CPU.ActiveCfg = Debug|Any CPU
		{60F36B7A-0867-46C0-A0AA-2B6D3F0542E2}.Debug|Any CPU.Build.0 = Debug|Any CPU
		{60F36B7A-0867-46C0-A0AA-2B6D3F0542E2}.Release|Any CPU.ActiveCfg = Release|Any CPU
		{60F36B7A-0867-46C0-A0AA-2B6D3F0542E2}.Release|Any CPU.Build.0 = Release|Any CPU
	EndGlobalSection
	GlobalSection(SolutionProperties) = preSolution
		HideSolutionNode = FALSE
	EndGlobalSection
	GlobalSection(ExtensibilityGlobals) = postSolution
		SolutionGuid = {AB22FDB9-2DD6-4BFF-94E1-8DE74699EF2F}
	EndGlobalSection
EndGlobal
